
Microsoft Visual Studio Solution File, Format Version 12.00
# Visual Studio Version 17
VisualStudioVersion = 17.0.31903.59
MinimumVisualStudioVersion = 10.0.40219.1
Project("{FAE04EC0-301F-11D3-BF4B-00C04F79EFBC}") = "JwtWebApiTutorial", "JwtWebApiTutorial\JwtWebApiTutorial.csproj", "{D79DF8D4-9671-4BFD-8906-902B9929B309}"
EndProject
Global
	GlobalSection(SolutionConfigurationPlatforms) = preSolution
		Debug|Any CPU = Debug|Any CPU
		Release|Any CPU = Release|Any CPU
	EndGlobalSection
	GlobalSection(ProjectConfigurationPlatforms) = postSolution
		{D79DF8D4-9671-4BFD-8906-902B9929B309}.Debug|Any CPU.ActiveCfg = Debug|Any CPU
		{D79DF8D4-9671-4BFD-8906-902B9929B309}.Debug|Any CPU.Build.0 = Debug|Any CPU
		{D79DF8D4-9671-4BFD-8906-902B9929B309}.Release|Any CPU.ActiveCfg = Release|Any CPU
		{D79DF8D4-9671-4BFD-8906-902B9929B309}.Release|Any CPU.Build.0 = Release|Any CPU
	EndGlobalSection
	GlobalSection(SolutionProperties) = preSolution
		HideSolutionNode = FALSE
	EndGlobalSection
	GlobalSection(ExtensibilityGlobals) = postSolution
		SolutionGuid = {558305C2-32C7-4138-9D12-8E985315F6A0}
	EndGlobalSection
EndGlobal
